Microsoft Visual Studio Solution File, Format Version 12.00
# Visual Studio Version 17
VisualStudioVersion = 17.5.2.0
MinimumVisualStudioVersion = 10.0.40219.1
Project("{2150E333-8FDC-42A3-9474-1A3956D46DE8}") = "MCP", "MCP", "{60D02A9B-BD8A-21E2-79E7-27A6B3D0EB49}"
EndProject
Project("{2150E333-8FDC-42A3-9474-1A3956D46DE8}") = "Ollama-RAG-Sync", "Ollama-RAG-Sync", "{ED5D649D-B215-ADC6-243E-1F6536885191}"
EndProject
Project("{FAE04EC0-301F-11D3-BF4B-00C04F79EFBC}") = "Ollama-RAG-Sync", "MCP\Ollama-RAG-Sync\Ollama-RAG-Sync\Ollama-RAG-Sync.csproj", "{FD6CC82B-245C-10A9-81FE-090DA33DD026}"
EndProject
Global
	GlobalSection(SolutionConfigurationPlatforms) = preSolution
		Debug|Any CPU = Debug|Any CPU
		Release|Any CPU = Release|Any CPU
	EndGlobalSection
	GlobalSection(ProjectConfigurationPlatforms) = postSolution
		{FD6CC82B-245C-10A9-81FE-090DA33DD026}.Debug|Any CPU.ActiveCfg = Debug|Any CPU
		{FD6CC82B-245C-10A9-81FE-090DA33DD026}.Debug|Any CPU.Build.0 = Debug|Any CPU
		{FD6CC82B-245C-10A9-81FE-090DA33DD026}.Release|Any CPU.ActiveCfg = Release|Any CPU
		{FD6CC82B-245C-10A9-81FE-090DA33DD026}.Release|Any CPU.Build.0 = Release|Any CPU
	EndGlobalSection
	GlobalSection(SolutionProperties) = preSolution
		HideSolutionNode = FALSE
	EndGlobalSection
	GlobalSection(NestedProjects) = preSolution
		{ED5D649D-B215-ADC6-243E-1F6536885191} = {60D02A9B-BD8A-21E2-79E7-27A6B3D0EB49}
		{FD6CC82B-245C-10A9-81FE-090DA33DD026} = {ED5D649D-B215-ADC6-243E-1F6536885191}
	EndGlobalSection
	GlobalSection(ExtensibilityGlobals) = postSolution
		SolutionGuid = {AEF8D4FE-B7F0-48B0-836E-A93D99D0F755}
	EndGlobalSection
EndGlobal
